
Microsoft Visual Studio Solution File, Format Version 12.00
# Visual Studio Version 17
VisualStudioVersion = 17.1.32328.378
MinimumVisualStudioVersion = 10.0.40219.1
Project("{2150E333-8FDC-42A3-9474-1A3956D46DE8}") = "src", "src", "{37341CBB-5012-4CB9-BCA8-6A939A288C71}"
EndProject
Project("{2150E333-8FDC-42A3-9474-1A3956D46DE8}") = "ApiGateway", "ApiGateway", "{985F3A69-BE13-4CAF-9599-E3DFED002732}"
EndProject
Project("{2150E333-8FDC-42A3-9474-1A3956D46DE8}") = "BuildingBlocks", "BuildingBlocks", "{115C2ED5-F3ED-437C-AB0B-883B7204D2FD}"
EndProject
Project("{2150E333-8FDC-42A3-9474-1A3956D46DE8}") = "Services", "Services", "{3A9B8219-FA16-44EF-A2EB-0E7EAF0BAA7A}"
EndProject
Project("{2150E333-8FDC-42A3-9474-1A3956D46DE8}") = "WebApp", "WebApp", "{76940EC5-2DEB-4C8B-84BF-EFDFCC7A9807}"
EndProject
Project("{2150E333-8FDC-42A3-9474-1A3956D46DE8}") = "tests", "tests", "{CFBE4E79-2007-4B0B-8882-B1A53397C52A}"
EndProject
Project("{2150E333-8FDC-42A3-9474-1A3956D46DE8}") = "ServiceTests", "ServiceTests", "{BB753C18-83EE-4DFC-B629-B26BF192BA53}"
EndProject
Project("{9A19103F-16F7-4668-BE54-9A1E7A4F7556}") = "Huckster.FunctionalTests", "Tests\Services\Huckster.FunctionalTests\Huckster.FunctionalTests.csproj", "{259CD534-1C63-4942-9412-FC6695236C18}"
EndProject
Project("{2150E333-8FDC-42A3-9474-1A3956D46DE8}") = "EventBus", "EventBus", "{2E97055C-1FAE-464D-AA1D-203B7F4558BE}"
EndProject
Project("{2150E333-8FDC-42A3-9474-1A3956D46DE8}") = "tests", "tests", "{35048FB5-0BB8-4345-993A-259132798909}"
EndProject
Project("{9A19103F-16F7-4668-BE54-9A1E7A4F7556}") = "EventBus.RabbitMq", "BuildingBlocks\EventBus\EventBus.RabbitMq\EventBus.RabbitMq.csproj", "{173DC7D1-A5F0-4338-8CD5-6C58D352A47F}"
EndProject
Project("{9A19103F-16F7-4668-BE54-9A1E7A4F7556}") = "EventBus.Tests", "BuildingBlocks\EventBus\EventBus.Tests\EventBus.Tests.csproj", "{7A007C20-F7FE-4515-9414-81BCD8E74B90}"
EndProject
Project("{2150E333-8FDC-42A3-9474-1A3956D46DE8}") = "Parser", "Parser", "{9F13A973-1E31-4D66-8E11-A06D2E628522}"
EndProject
Project("{2150E333-8FDC-42A3-9474-1A3956D46DE8}") = "Core", "Core", "{61E3F8FD-048B-4DEF-A5AA-E9F7464B9EFA}"
EndProject
Project("{2150E333-8FDC-42A3-9474-1A3956D46DE8}") = "Infrastructure", "Infrastructure", "{21212645-D182-484E-A6FB-6A12998057CC}"
EndProject
Project("{2150E333-8FDC-42A3-9474-1A3956D46DE8}") = "WebApi", "WebApi", "{9A10C0A8-C72C-4A52-A283-B37D6E494967}"
EndProject
Project("{2150E333-8FDC-42A3-9474-1A3956D46DE8}") = "Tests", "Tests", "{20F96425-9103-4B23-868F-5875897E65F2}"
EndProject
Project("{9A19103F-16F7-4668-BE54-9A1E7A4F7556}") = "Parser.API", "Services\Parser\Parser.API\Parser.API.csproj", "{11F1DF0B-739F-4686-B23E-7E18A3839C14}"
EndProject
Project("{9A19103F-16F7-4668-BE54-9A1E7A4F7556}") = "Parser.Infrastructure.HtmlAgilityPackService", "Services\Parser\Parser.Infrastructure.ParserService\Parser.Infrastructure.HtmlAgilityPackService.csproj", "{4C6245A6-1E73-437D-A7BA-E23FD6C57C9B}"
EndProject
Project("{9A19103F-16F7-4668-BE54-9A1E7A4F7556}") = "Parser.Core.Domain", "Services\Parser\Parser.Core.Domain\Parser.Core.Domain.csproj", "{56800F6C-B47C-44B4-B389-C52004480562}"
EndProject
Project("{FAE04EC0-301F-11D3-BF4B-00C04F79EFBC}") = "Parser.Core.Application", "Services\Parser\Parser.Core.Application\Parser.Core.Application.csproj", "{AAF485EF-1D44-4418-9237-9B276657E3A5}"
EndProject
Global
	GlobalSection(SolutionConfigurationPlatforms) = preSolution
		Debug|Any CPU = Debug|Any CPU
		Release|Any CPU = Release|Any CPU
	EndGlobalSection
	GlobalSection(ProjectConfigurationPlatforms) = postSolution
		{259CD534-1C63-4942-9412-FC6695236C18}.Debug|Any CPU.ActiveCfg = Debug|Any CPU
		{259CD534-1C63-4942-9412-FC6695236C18}.Debug|Any CPU.Build.0 = Debug|Any CPU
		{259CD534-1C63-4942-9412-FC6695236C18}.Release|Any CPU.ActiveCfg = Release|Any CPU
		{259CD534-1C63-4942-9412-FC6695236C18}.Release|Any CPU.Build.0 = Release|Any CPU
		{173DC7D1-A5F0-4338-8CD5-6C58D352A47F}.Debug|Any CPU.ActiveCfg = Debug|Any CPU
		{173DC7D1-A5F0-4338-8CD5-6C58D352A47F}.Debug|Any CPU.Build.0 = Debug|Any CPU
		{173DC7D1-A5F0-4338-8CD5-6C58D352A47F}.Release|Any CPU.ActiveCfg = Release|Any CPU
		{173DC7D1-A5F0-4338-8CD5-6C58D352A47F}.Release|Any CPU.Build.0 = Release|Any CPU
		{7A007C20-F7FE-4515-9414-81BCD8E74B90}.Debug|Any CPU.ActiveCfg = Debug|Any CPU
		{7A007C20-F7FE-4515-9414-81BCD8E74B90}.Debug|Any CPU.Build.0 = Debug|Any CPU
		{7A007C20-F7FE-4515-9414-81BCD8E74B90}.Release|Any CPU.ActiveCfg = Release|Any CPU
		{7A007C20-F7FE-4515-9414-81BCD8E74B90}.Release|Any CPU.Build.0 = Release|Any CPU
		{11F1DF0B-739F-4686-B23E-7E18A3839C14}.Debug|Any CPU.ActiveCfg = Debug|Any CPU
		{11F1DF0B-739F-4686-B23E-7E18A3839C14}.Debug|Any CPU.Build.0 = Debug|Any CPU
		{11F1DF0B-739F-4686-B23E-7E18A3839C14}.Release|Any CPU.ActiveCfg = Release|Any CPU
		{11F1DF0B-739F-4686-B23E-7E18A3839C14}.Release|Any CPU.Build.0 = Release|Any CPU
		{4C6245A6-1E73-437D-A7BA-E23FD6C57C9B}.Debug|Any CPU.ActiveCfg = Debug|Any CPU
		{4C6245A6-1E73-437D-A7BA-E23FD6C57C9B}.Debug|Any CPU.Build.0 = Debug|Any CPU
		{4C6245A6-1E73-437D-A7BA-E23FD6C57C9B}.Release|Any CPU.ActiveCfg = Release|Any CPU
		{4C6245A6-1E73-437D-A7BA-E23FD6C57C9B}.Release|Any CPU.Build.0 = Release|Any CPU
		{56800F6C-B47C-44B4-B389-C52004480562}.Debug|Any CPU.ActiveCfg = Debug|Any CPU
		{56800F6C-B47C-44B4-B389-C52004480562}.Debug|Any CPU.Build.0 = Debug|Any CPU
		{56800F6C-B47C-44B4-B389-C52004480562}.Release|Any CPU.ActiveCfg = Release|Any CPU
		{56800F6C-B47C-44B4-B389-C52004480562}.Release|Any CPU.Build.0 = Release|Any CPU
		{AAF485EF-1D44-4418-9237-9B276657E3A5}.Debug|Any CPU.ActiveCfg = Debug|Any CPU
		{AAF485EF-1D44-4418-9237-9B276657E3A5}.Debug|Any CPU.Build.0 = Debug|Any CPU
		{AAF485EF-1D44-4418-9237-9B276657E3A5}.Release|Any CPU.ActiveCfg = Release|Any CPU
		{AAF485EF-1D44-4418-9237-9B276657E3A5}.Release|Any CPU.Build.0 = Release|Any CPU
	EndGlobalSection
	GlobalSection(SolutionProperties) = preSolution
		HideSolutionNode = FALSE
	EndGlobalSection
	GlobalSection(NestedProjects) = preSolution
		{985F3A69-BE13-4CAF-9599-E3DFED002732} = {37341CBB-5012-4CB9-BCA8-6A939A288C71}
		{115C2ED5-F3ED-437C-AB0B-883B7204D2FD} = {37341CBB-5012-4CB9-BCA8-6A939A288C71}
		{3A9B8219-FA16-44EF-A2EB-0E7EAF0BAA7A} = {37341CBB-5012-4CB9-BCA8-6A939A288C71}
		{76940EC5-2DEB-4C8B-84BF-EFDFCC7A9807} = {37341CBB-5012-4CB9-BCA8-6A939A288C71}
		{BB753C18-83EE-4DFC-B629-B26BF192BA53} = {CFBE4E79-2007-4B0B-8882-B1A53397C52A}
		{259CD534-1C63-4942-9412-FC6695236C18} = {BB753C18-83EE-4DFC-B629-B26BF192BA53}
		{2E97055C-1FAE-464D-AA1D-203B7F4558BE} = {115C2ED5-F3ED-437C-AB0B-883B7204D2FD}
		{35048FB5-0BB8-4345-993A-259132798909} = {2E97055C-1FAE-464D-AA1D-203B7F4558BE}
		{173DC7D1-A5F0-4338-8CD5-6C58D352A47F} = {2E97055C-1FAE-464D-AA1D-203B7F4558BE}
		{7A007C20-F7FE-4515-9414-81BCD8E74B90} = {35048FB5-0BB8-4345-993A-259132798909}
		{9F13A973-1E31-4D66-8E11-A06D2E628522} = {3A9B8219-FA16-44EF-A2EB-0E7EAF0BAA7A}
		{61E3F8FD-048B-4DEF-A5AA-E9F7464B9EFA} = {9F13A973-1E31-4D66-8E11-A06D2E628522}
		{21212645-D182-484E-A6FB-6A12998057CC} = {9F13A973-1E31-4D66-8E11-A06D2E628522}
		{9A10C0A8-C72C-4A52-A283-B37D6E494967} = {9F13A973-1E31-4D66-8E11-A06D2E628522}
		{20F96425-9103-4B23-868F-5875897E65F2} = {9F13A973-1E31-4D66-8E11-A06D2E628522}
		{11F1DF0B-739F-4686-B23E-7E18A3839C14} = {9A10C0A8-C72C-4A52-A283-B37D6E494967}
		{4C6245A6-1E73-437D-A7BA-E23FD6C57C9B} = {21212645-D182-484E-A6FB-6A12998057CC}
		{56800F6C-B47C-44B4-B389-C52004480562} = {61E3F8FD-048B-4DEF-A5AA-E9F7464B9EFA}
		{AAF485EF-1D44-4418-9237-9B276657E3A5} = {61E3F8FD-048B-4DEF-A5AA-E9F7464B9EFA}
	EndGlobalSection
	GlobalSection(ExtensibilityGlobals) = postSolution
		SolutionGuid = {F3D4D1B3-2881-4E73-BAB2-00D5C0CC3BC9}
	EndGlobalSection
EndGlobal
