
Microsoft Visual Studio Solution File, Format Version 12.00
# Visual Studio Version 17
VisualStudioVersion = 17.1.32328.378
MinimumVisualStudioVersion = 10.0.40219.1
Project("{2150E333-8FDC-42A3-9474-1A3956D46DE8}") = "src", "src", "{37341CBB-5012-4CB9-BCA8-6A939A288C71}"
EndProject
Project("{2150E333-8FDC-42A3-9474-1A3956D46DE8}") = "ApiGateway", "ApiGateway", "{985F3A69-BE13-4CAF-9599-E3DFED002732}"
EndProject
Project("{2150E333-8FDC-42A3-9474-1A3956D46DE8}") = "BuildingBlocks", "BuildingBlocks", "{115C2ED5-F3ED-437C-AB0B-883B7204D2FD}"
EndProject
Project("{2150E333-8FDC-42A3-9474-1A3956D46DE8}") = "Services", "Services", "{3A9B8219-FA16-44EF-A2EB-0E7EAF0BAA7A}"
EndProject
Project("{2150E333-8FDC-42A3-9474-1A3956D46DE8}") = "WebApp", "WebApp", "{76940EC5-2DEB-4C8B-84BF-EFDFCC7A9807}"
EndProject
Project("{2150E333-8FDC-42A3-9474-1A3956D46DE8}") = "tests", "tests", "{CFBE4E79-2007-4B0B-8882-B1A53397C52A}"
EndProject
Project("{2150E333-8FDC-42A3-9474-1A3956D46DE8}") = "ServiceTests", "ServiceTests", "{BB753C18-83EE-4DFC-B629-B26BF192BA53}"
EndProject
Project("{9A19103F-16F7-4668-BE54-9A1E7A4F7556}") = "Huckster.FunctionalTests", "Tests\Services\Huckster.FunctionalTests\Huckster.FunctionalTests.csproj", "{259CD534-1C63-4942-9412-FC6695236C18}"
EndProject
Project("{2150E333-8FDC-42A3-9474-1A3956D46DE8}") = "EventBus", "EventBus", "{2E97055C-1FAE-464D-AA1D-203B7F4558BE}"
EndProject
Project("{2150E333-8FDC-42A3-9474-1A3956D46DE8}") = "tests", "tests", "{35048FB5-0BB8-4345-993A-259132798909}"
EndProject
Project("{9A19103F-16F7-4668-BE54-9A1E7A4F7556}") = "EventBus.RabbitMq", "BuildingBlocks\EventBus\EventBus.RabbitMq\EventBus.RabbitMq.csproj", "{173DC7D1-A5F0-4338-8CD5-6C58D352A47F}"
EndProject
Project("{9A19103F-16F7-4668-BE54-9A1E7A4F7556}") = "EventBus.Tests", "BuildingBlocks\EventBus\EventBus.Tests\EventBus.Tests.csproj", "{7A007C20-F7FE-4515-9414-81BCD8E74B90}"
EndProject
Project("{2150E333-8FDC-42A3-9474-1A3956D46DE8}") = "Parser", "Parser", "{9F13A973-1E31-4D66-8E11-A06D2E628522}"
EndProject
Project("{2150E333-8FDC-42A3-9474-1A3956D46DE8}") = "Core", "Core", "{61E3F8FD-048B-4DEF-A5AA-E9F7464B9EFA}"
EndProject
Project("{2150E333-8FDC-42A3-9474-1A3956D46DE8}") = "Infrastructure", "Infrastructure", "{21212645-D182-484E-A6FB-6A12998057CC}"
EndProject
Project("{2150E333-8FDC-42A3-9474-1A3956D46DE8}") = "WebApi", "WebApi", "{9A10C0A8-C72C-4A52-A283-B37D6E494967}"
EndProject
Project("{2150E333-8FDC-42A3-9474-1A3956D46DE8}") = "Tests", "Tests", "{20F96425-9103-4B23-868F-5875897E65F2}"
EndProject
Project("{9A19103F-16F7-4668-BE54-9A1E7A4F7556}") = "Parser.API", "Services\Parser\Parser.API\Parser.API.csproj", "{11F1DF0B-739F-4686-B23E-7E18A3839C14}"
EndProject
Project("{9A19103F-16F7-4668-BE54-9A1E7A4F7556}") = "Parser.Infrastructure.HtmlAgilityPackService", "Services\Parser\Parser.Infrastructure.ParserService\Parser.Infrastructure.HtmlAgilityPackService.csproj", "{4C6245A6-1E73-437D-A7BA-E23FD6C57C9B}"
EndProject
Project("{9A19103F-16F7-4668-BE54-9A1E7A4F7556}") = "Parser.Core.Domain", "Services\Parser\Parser.Core.Domain\Parser.Core.Domain.csproj", "{56800F6C-B47C-44B4-B389-C52004480562}"
EndProject
Project("{9A19103F-16F7-4668-BE54-9A1E7A4F7556}") = "Parser.Core.Application", "Services\Parser\Parser.Core.Application\Parser.Core.Application.csproj", "{AAF485EF-1D44-4418-9237-9B276657E3A5}"
EndProject
Project("{9A19103F-16F7-4668-BE54-9A1E7A4F7556}") = "Parser.Infrastructure.Persistence", "Services\Parser\Parser.Infrastructure.Persistence\Parser.Infrastructure.Persistence.csproj", "{4FB44B1A-229A-4071-9271-171099904E6E}"
EndProject
Project("{2150E333-8FDC-42A3-9474-1A3956D46DE8}") = "Selector", "Selector", "{01E76102-E7EC-4593-8CD9-E7C58053E67C}"
EndProject
Project("{2150E333-8FDC-42A3-9474-1A3956D46DE8}") = "Core", "Core", "{1A1E66F3-FC0B-48D9-9457-CDBC95BFF0EE}"
EndProject
Project("{2150E333-8FDC-42A3-9474-1A3956D46DE8}") = "Infrastructure", "Infrastructure", "{0DA0C90C-FC46-469A-9DFB-93550A0F3B98}"
EndProject
Project("{2150E333-8FDC-42A3-9474-1A3956D46DE8}") = "WebApi", "WebApi", "{A35CF56C-D482-4C33-BC7F-F8B3FA8369DA}"
EndProject
Project("{2150E333-8FDC-42A3-9474-1A3956D46DE8}") = "Api", "Api", "{87DCCC23-F6E4-4722-82C7-986C86DDBA8A}"
EndProject
Project("{2150E333-8FDC-42A3-9474-1A3956D46DE8}") = "BackgroundTasks", "BackgroundTasks", "{E56FEA4E-4185-4E52-BFA0-B018E6B8A203}"
EndProject
Project("{2150E333-8FDC-42A3-9474-1A3956D46DE8}") = "Tests", "Tests", "{8FE04865-A720-4D59-B852-CFCCC8260198}"
EndProject
Project("{9A19103F-16F7-4668-BE54-9A1E7A4F7556}") = "Selector.BackgroundTasks.TelegramService", "Services\Selector\BackgroundTasks\Selector.BackgroundTasks.TelegramService\Selector.BackgroundTasks.TelegramService.csproj", "{59AB0C5E-C04F-4A6C-BCCD-DA167DA942AF}"
EndProject
Project("{9A19103F-16F7-4668-BE54-9A1E7A4F7556}") = "Selector.Core.Application", "Services\Selector\API\Selector.Core.Application\Selector.Core.Application.csproj", "{86F079B9-D11D-4D6D-8A5B-488F67869D53}"
EndProject
Project("{9A19103F-16F7-4668-BE54-9A1E7A4F7556}") = "Selector.Core.Domain", "Services\Selector\API\Selector.Core.Domain\Selector.Core.Domain.csproj", "{BE10886A-418E-406B-9A97-CFD0751B9672}"
EndProject
Project("{9A19103F-16F7-4668-BE54-9A1E7A4F7556}") = "Selector.API", "Services\Selector\API\Selector.API\Selector.API.csproj", "{47FA7DA9-03E4-4785-A86C-3402FA75F2F1}"
EndProject
Project("{9A19103F-16F7-4668-BE54-9A1E7A4F7556}") = "Selector.Infrastructure.Persistence", "Services\Selector\API\Selector.Infrastructure.Persistence\Selector.Infrastructure.Persistence.csproj", "{FBAD50A0-7B67-4651-B1F2-A37F91C09F48}"
EndProject
Project("{9A19103F-16F7-4668-BE54-9A1E7A4F7556}") = "Selector.BackgroundTasks.SelectorService", "Services\Selector\BackgroundTasks\Selector.BackgroundTasks.SelectorService\Selector.BackgroundTasks.SelectorService.csproj", "{AA7E4568-5E66-41B0-AF7C-0BD7756FA8E7}"
EndProject
Project("{2150E333-8FDC-42A3-9474-1A3956D46DE8}") = "Repositories", "Repositories", "{F26F3B3E-9FAE-42E2-84B0-299C88BBE754}"
EndProject
Project("{2150E333-8FDC-42A3-9474-1A3956D46DE8}") = "Repository.Base", "Repository.Base", "{A9B9F4DF-5589-47D7-B9ED-88282E50D602}"
EndProject
Project("{9A19103F-16F7-4668-BE54-9A1E7A4F7556}") = "Repository.Base", "BuildingBlocks\Repositories\Repository.Base\Repository.Base.csproj", "{B4C471DE-B895-4950-A9FC-782FB9AA655A}"
EndProject
Project("{2150E333-8FDC-42A3-9474-1A3956D46DE8}") = "Common", "Common", "{3B175EA3-F1C8-483E-B224-1196B192BD82}"
EndProject
Project("{9A19103F-16F7-4668-BE54-9A1E7A4F7556}") = "Common.Models", "BuildingBlocks\Common\Common.Models\Common.Models.csproj", "{F5FEBD02-B1DE-493A-8B5E-2720D45BC01F}"
EndProject
Project("{2150E333-8FDC-42A3-9474-1A3956D46DE8}") = "Gateway.Web.Control", "Gateway.Web.Control", "{CD5B2C81-CB7B-493A-8A7E-1573A37A0B02}"
EndProject
Project("{FAE04EC0-301F-11D3-BF4B-00C04F79EFBC}") = "Gateway.Web.Control", "ApiGateways\Gateway.Web.Control\Gateway.Web.Control.csproj", "{0E8CBF27-76BC-4F0C-A8BF-AA9AB47F443A}"
EndProject
Global
	GlobalSection(SolutionConfigurationPlatforms) = preSolution
		Debug|Any CPU = Debug|Any CPU
		Release|Any CPU = Release|Any CPU
	EndGlobalSection
	GlobalSection(ProjectConfigurationPlatforms) = postSolution
		{259CD534-1C63-4942-9412-FC6695236C18}.Debug|Any CPU.ActiveCfg = Debug|Any CPU
		{259CD534-1C63-4942-9412-FC6695236C18}.Debug|Any CPU.Build.0 = Debug|Any CPU
		{259CD534-1C63-4942-9412-FC6695236C18}.Release|Any CPU.ActiveCfg = Release|Any CPU
		{259CD534-1C63-4942-9412-FC6695236C18}.Release|Any CPU.Build.0 = Release|Any CPU
		{173DC7D1-A5F0-4338-8CD5-6C58D352A47F}.Debug|Any CPU.ActiveCfg = Debug|Any CPU
		{173DC7D1-A5F0-4338-8CD5-6C58D352A47F}.Debug|Any CPU.Build.0 = Debug|Any CPU
		{173DC7D1-A5F0-4338-8CD5-6C58D352A47F}.Release|Any CPU.ActiveCfg = Release|Any CPU
		{173DC7D1-A5F0-4338-8CD5-6C58D352A47F}.Release|Any CPU.Build.0 = Release|Any CPU
		{7A007C20-F7FE-4515-9414-81BCD8E74B90}.Debug|Any CPU.ActiveCfg = Debug|Any CPU
		{7A007C20-F7FE-4515-9414-81BCD8E74B90}.Debug|Any CPU.Build.0 = Debug|Any CPU
		{7A007C20-F7FE-4515-9414-81BCD8E74B90}.Release|Any CPU.ActiveCfg = Release|Any CPU
		{7A007C20-F7FE-4515-9414-81BCD8E74B90}.Release|Any CPU.Build.0 = Release|Any CPU
		{11F1DF0B-739F-4686-B23E-7E18A3839C14}.Debug|Any CPU.ActiveCfg = Debug|Any CPU
		{11F1DF0B-739F-4686-B23E-7E18A3839C14}.Debug|Any CPU.Build.0 = Debug|Any CPU
		{11F1DF0B-739F-4686-B23E-7E18A3839C14}.Release|Any CPU.ActiveCfg = Release|Any CPU
		{11F1DF0B-739F-4686-B23E-7E18A3839C14}.Release|Any CPU.Build.0 = Release|Any CPU
		{4C6245A6-1E73-437D-A7BA-E23FD6C57C9B}.Debug|Any CPU.ActiveCfg = Debug|Any CPU
		{4C6245A6-1E73-437D-A7BA-E23FD6C57C9B}.Debug|Any CPU.Build.0 = Debug|Any CPU
		{4C6245A6-1E73-437D-A7BA-E23FD6C57C9B}.Release|Any CPU.ActiveCfg = Release|Any CPU
		{4C6245A6-1E73-437D-A7BA-E23FD6C57C9B}.Release|Any CPU.Build.0 = Release|Any CPU
		{56800F6C-B47C-44B4-B389-C52004480562}.Debug|Any CPU.ActiveCfg = Debug|Any CPU
		{56800F6C-B47C-44B4-B389-C52004480562}.Debug|Any CPU.Build.0 = Debug|Any CPU
		{56800F6C-B47C-44B4-B389-C52004480562}.Release|Any CPU.ActiveCfg = Release|Any CPU
		{56800F6C-B47C-44B4-B389-C52004480562}.Release|Any CPU.Build.0 = Release|Any CPU
		{AAF485EF-1D44-4418-9237-9B276657E3A5}.Debug|Any CPU.ActiveCfg = Debug|Any CPU
		{AAF485EF-1D44-4418-9237-9B276657E3A5}.Debug|Any CPU.Build.0 = Debug|Any CPU
		{AAF485EF-1D44-4418-9237-9B276657E3A5}.Release|Any CPU.ActiveCfg = Release|Any CPU
		{AAF485EF-1D44-4418-9237-9B276657E3A5}.Release|Any CPU.Build.0 = Release|Any CPU
		{4FB44B1A-229A-4071-9271-171099904E6E}.Debug|Any CPU.ActiveCfg = Debug|Any CPU
		{4FB44B1A-229A-4071-9271-171099904E6E}.Debug|Any CPU.Build.0 = Debug|Any CPU
		{4FB44B1A-229A-4071-9271-171099904E6E}.Release|Any CPU.ActiveCfg = Release|Any CPU
		{4FB44B1A-229A-4071-9271-171099904E6E}.Release|Any CPU.Build.0 = Release|Any CPU
		{59AB0C5E-C04F-4A6C-BCCD-DA167DA942AF}.Debug|Any CPU.ActiveCfg = Debug|Any CPU
		{59AB0C5E-C04F-4A6C-BCCD-DA167DA942AF}.Debug|Any CPU.Build.0 = Debug|Any CPU
		{59AB0C5E-C04F-4A6C-BCCD-DA167DA942AF}.Release|Any CPU.ActiveCfg = Release|Any CPU
		{59AB0C5E-C04F-4A6C-BCCD-DA167DA942AF}.Release|Any CPU.Build.0 = Release|Any CPU
		{86F079B9-D11D-4D6D-8A5B-488F67869D53}.Debug|Any CPU.ActiveCfg = Debug|Any CPU
		{86F079B9-D11D-4D6D-8A5B-488F67869D53}.Debug|Any CPU.Build.0 = Debug|Any CPU
		{86F079B9-D11D-4D6D-8A5B-488F67869D53}.Release|Any CPU.ActiveCfg = Release|Any CPU
		{86F079B9-D11D-4D6D-8A5B-488F67869D53}.Release|Any CPU.Build.0 = Release|Any CPU
		{BE10886A-418E-406B-9A97-CFD0751B9672}.Debug|Any CPU.ActiveCfg = Debug|Any CPU
		{BE10886A-418E-406B-9A97-CFD0751B9672}.Debug|Any CPU.Build.0 = Debug|Any CPU
		{BE10886A-418E-406B-9A97-CFD0751B9672}.Release|Any CPU.ActiveCfg = Release|Any CPU
		{BE10886A-418E-406B-9A97-CFD0751B9672}.Release|Any CPU.Build.0 = Release|Any CPU
		{47FA7DA9-03E4-4785-A86C-3402FA75F2F1}.Debug|Any CPU.ActiveCfg = Debug|Any CPU
		{47FA7DA9-03E4-4785-A86C-3402FA75F2F1}.Debug|Any CPU.Build.0 = Debug|Any CPU
		{47FA7DA9-03E4-4785-A86C-3402FA75F2F1}.Release|Any CPU.ActiveCfg = Release|Any CPU
		{47FA7DA9-03E4-4785-A86C-3402FA75F2F1}.Release|Any CPU.Build.0 = Release|Any CPU
		{FBAD50A0-7B67-4651-B1F2-A37F91C09F48}.Debug|Any CPU.ActiveCfg = Debug|Any CPU
		{FBAD50A0-7B67-4651-B1F2-A37F91C09F48}.Debug|Any CPU.Build.0 = Debug|Any CPU
		{FBAD50A0-7B67-4651-B1F2-A37F91C09F48}.Release|Any CPU.ActiveCfg = Release|Any CPU
		{FBAD50A0-7B67-4651-B1F2-A37F91C09F48}.Release|Any CPU.Build.0 = Release|Any CPU
		{AA7E4568-5E66-41B0-AF7C-0BD7756FA8E7}.Debug|Any CPU.ActiveCfg = Debug|Any CPU
		{AA7E4568-5E66-41B0-AF7C-0BD7756FA8E7}.Debug|Any CPU.Build.0 = Debug|Any CPU
		{AA7E4568-5E66-41B0-AF7C-0BD7756FA8E7}.Release|Any CPU.ActiveCfg = Release|Any CPU
		{AA7E4568-5E66-41B0-AF7C-0BD7756FA8E7}.Release|Any CPU.Build.0 = Release|Any CPU
		{B4C471DE-B895-4950-A9FC-782FB9AA655A}.Debug|Any CPU.ActiveCfg = Debug|Any CPU
		{B4C471DE-B895-4950-A9FC-782FB9AA655A}.Debug|Any CPU.Build.0 = Debug|Any CPU
		{B4C471DE-B895-4950-A9FC-782FB9AA655A}.Release|Any CPU.ActiveCfg = Release|Any CPU
		{B4C471DE-B895-4950-A9FC-782FB9AA655A}.Release|Any CPU.Build.0 = Release|Any CPU
		{F5FEBD02-B1DE-493A-8B5E-2720D45BC01F}.Debug|Any CPU.ActiveCfg = Debug|Any CPU
		{F5FEBD02-B1DE-493A-8B5E-2720D45BC01F}.Debug|Any CPU.Build.0 = Debug|Any CPU
		{F5FEBD02-B1DE-493A-8B5E-2720D45BC01F}.Release|Any CPU.ActiveCfg = Release|Any CPU
		{F5FEBD02-B1DE-493A-8B5E-2720D45BC01F}.Release|Any CPU.Build.0 = Release|Any CPU
		{0E8CBF27-76BC-4F0C-A8BF-AA9AB47F443A}.Debug|Any CPU.ActiveCfg = Debug|Any CPU
		{0E8CBF27-76BC-4F0C-A8BF-AA9AB47F443A}.Debug|Any CPU.Build.0 = Debug|Any CPU
		{0E8CBF27-76BC-4F0C-A8BF-AA9AB47F443A}.Release|Any CPU.ActiveCfg = Release|Any CPU
		{0E8CBF27-76BC-4F0C-A8BF-AA9AB47F443A}.Release|Any CPU.Build.0 = Release|Any CPU
	EndGlobalSection
	GlobalSection(SolutionProperties) = preSolution
		HideSolutionNode = FALSE
	EndGlobalSection
	GlobalSection(NestedProjects) = preSolution
		{985F3A69-BE13-4CAF-9599-E3DFED002732} = {37341CBB-5012-4CB9-BCA8-6A939A288C71}
		{115C2ED5-F3ED-437C-AB0B-883B7204D2FD} = {37341CBB-5012-4CB9-BCA8-6A939A288C71}
		{3A9B8219-FA16-44EF-A2EB-0E7EAF0BAA7A} = {37341CBB-5012-4CB9-BCA8-6A939A288C71}
		{76940EC5-2DEB-4C8B-84BF-EFDFCC7A9807} = {37341CBB-5012-4CB9-BCA8-6A939A288C71}
		{BB753C18-83EE-4DFC-B629-B26BF192BA53} = {CFBE4E79-2007-4B0B-8882-B1A53397C52A}
		{259CD534-1C63-4942-9412-FC6695236C18} = {BB753C18-83EE-4DFC-B629-B26BF192BA53}
		{2E97055C-1FAE-464D-AA1D-203B7F4558BE} = {115C2ED5-F3ED-437C-AB0B-883B7204D2FD}
		{35048FB5-0BB8-4345-993A-259132798909} = {2E97055C-1FAE-464D-AA1D-203B7F4558BE}
		{173DC7D1-A5F0-4338-8CD5-6C58D352A47F} = {2E97055C-1FAE-464D-AA1D-203B7F4558BE}
		{7A007C20-F7FE-4515-9414-81BCD8E74B90} = {35048FB5-0BB8-4345-993A-259132798909}
		{9F13A973-1E31-4D66-8E11-A06D2E628522} = {3A9B8219-FA16-44EF-A2EB-0E7EAF0BAA7A}
		{61E3F8FD-048B-4DEF-A5AA-E9F7464B9EFA} = {9F13A973-1E31-4D66-8E11-A06D2E628522}
		{21212645-D182-484E-A6FB-6A12998057CC} = {9F13A973-1E31-4D66-8E11-A06D2E628522}
		{9A10C0A8-C72C-4A52-A283-B37D6E494967} = {9F13A973-1E31-4D66-8E11-A06D2E628522}
		{20F96425-9103-4B23-868F-5875897E65F2} = {9F13A973-1E31-4D66-8E11-A06D2E628522}
		{11F1DF0B-739F-4686-B23E-7E18A3839C14} = {9A10C0A8-C72C-4A52-A283-B37D6E494967}
		{4C6245A6-1E73-437D-A7BA-E23FD6C57C9B} = {21212645-D182-484E-A6FB-6A12998057CC}
		{56800F6C-B47C-44B4-B389-C52004480562} = {61E3F8FD-048B-4DEF-A5AA-E9F7464B9EFA}
		{AAF485EF-1D44-4418-9237-9B276657E3A5} = {61E3F8FD-048B-4DEF-A5AA-E9F7464B9EFA}
		{4FB44B1A-229A-4071-9271-171099904E6E} = {21212645-D182-484E-A6FB-6A12998057CC}
		{01E76102-E7EC-4593-8CD9-E7C58053E67C} = {3A9B8219-FA16-44EF-A2EB-0E7EAF0BAA7A}
		{1A1E66F3-FC0B-48D9-9457-CDBC95BFF0EE} = {87DCCC23-F6E4-4722-82C7-986C86DDBA8A}
		{0DA0C90C-FC46-469A-9DFB-93550A0F3B98} = {87DCCC23-F6E4-4722-82C7-986C86DDBA8A}
		{A35CF56C-D482-4C33-BC7F-F8B3FA8369DA} = {87DCCC23-F6E4-4722-82C7-986C86DDBA8A}
		{87DCCC23-F6E4-4722-82C7-986C86DDBA8A} = {01E76102-E7EC-4593-8CD9-E7C58053E67C}
		{E56FEA4E-4185-4E52-BFA0-B018E6B8A203} = {01E76102-E7EC-4593-8CD9-E7C58053E67C}
		{8FE04865-A720-4D59-B852-CFCCC8260198} = {01E76102-E7EC-4593-8CD9-E7C58053E67C}
		{59AB0C5E-C04F-4A6C-BCCD-DA167DA942AF} = {E56FEA4E-4185-4E52-BFA0-B018E6B8A203}
		{86F079B9-D11D-4D6D-8A5B-488F67869D53} = {1A1E66F3-FC0B-48D9-9457-CDBC95BFF0EE}
		{BE10886A-418E-406B-9A97-CFD0751B9672} = {1A1E66F3-FC0B-48D9-9457-CDBC95BFF0EE}
		{47FA7DA9-03E4-4785-A86C-3402FA75F2F1} = {A35CF56C-D482-4C33-BC7F-F8B3FA8369DA}
		{FBAD50A0-7B67-4651-B1F2-A37F91C09F48} = {0DA0C90C-FC46-469A-9DFB-93550A0F3B98}
		{AA7E4568-5E66-41B0-AF7C-0BD7756FA8E7} = {E56FEA4E-4185-4E52-BFA0-B018E6B8A203}
		{F26F3B3E-9FAE-42E2-84B0-299C88BBE754} = {115C2ED5-F3ED-437C-AB0B-883B7204D2FD}
		{A9B9F4DF-5589-47D7-B9ED-88282E50D602} = {F26F3B3E-9FAE-42E2-84B0-299C88BBE754}
		{B4C471DE-B895-4950-A9FC-782FB9AA655A} = {A9B9F4DF-5589-47D7-B9ED-88282E50D602}
		{3B175EA3-F1C8-483E-B224-1196B192BD82} = {115C2ED5-F3ED-437C-AB0B-883B7204D2FD}
		{F5FEBD02-B1DE-493A-8B5E-2720D45BC01F} = {3B175EA3-F1C8-483E-B224-1196B192BD82}
		{CD5B2C81-CB7B-493A-8A7E-1573A37A0B02} = {985F3A69-BE13-4CAF-9599-E3DFED002732}
		{0E8CBF27-76BC-4F0C-A8BF-AA9AB47F443A} = {CD5B2C81-CB7B-493A-8A7E-1573A37A0B02}
	EndGlobalSection
	GlobalSection(ExtensibilityGlobals) = postSolution
		SolutionGuid = {F3D4D1B3-2881-4E73-BAB2-00D5C0CC3BC9}
	EndGlobalSection
EndGlobal
